{
    "name": "waiye",
    "version": "1.0.0",
    "lockfileVersion": 1,
    "requires": true,
    "dependencies": {
        "leaflet": {
            "version": "1.7.1",
            "resolved": "https://registry.npm.taobao.org/leaflet/download/leaflet-1.7.1.tgz",
            "integrity": "sha1-ENaEkW7f4b9B1oijuXEnwDIqKhk="
        }
    }
}
